
Microsoft Visual Studio Solution File, Format Version 12.00
# Visual Studio 15
Project("{FAE04EC0-301F-11D3-BF4B-00C04F79EFBC}") = "Assembly-CSharp", "Assembly-CSharp.csproj", "{8C7BA3DD-2BD5-B254-8743-1D1688CBC733}"
EndProject
Project("{FAE04EC0-301F-11D3-BF4B-00C04F79EFBC}") = "Assembly-CSharp-firstpass", "Assembly-CSharp-firstpass.csproj", "{49C5DD50-4E71-1041-8D27-DBC7022FB877}"
EndProject
Project("{FAE04EC0-301F-11D3-BF4B-00C04F79EFBC}") = "Assembly-CSharp-Editor-firstpass", "Assembly-CSharp-Editor-firstpass.csproj", "{647141F8-A83A-A534-D97E-D2479C78AEFD}"
EndProject
Global
	GlobalSection(SolutionConfigurationPlatforms) = preSolution
		Debug|Any CPU = Debug|Any CPU
		Release|Any CPU = Release|Any CPU
	EndGlobalSection
	GlobalSection(ProjectConfigurationPlatforms) = postSolution
		{8C7BA3DD-2BD5-B254-8743-1D1688CBC733}.Debug|Any CPU.ActiveCfg = Debug|Any CPU
		{8C7BA3DD-2BD5-B254-8743-1D1688CBC733}.Debug|Any CPU.Build.0 = Debug|Any CPU
		{8C7BA3DD-2BD5-B254-8743-1D1688CBC733}.Release|Any CPU.ActiveCfg = Release|Any CPU
		{8C7BA3DD-2BD5-B254-8743-1D1688CBC733}.Release|Any CPU.Build.0 = Release|Any CPU
		{49C5DD50-4E71-1041-8D27-DBC7022FB877}.Debug|Any CPU.ActiveCfg = Debug|Any CPU
		{49C5DD50-4E71-1041-8D27-DBC7022FB877}.Debug|Any CPU.Build.0 = Debug|Any CPU
		{49C5DD50-4E71-1041-8D27-DBC7022FB877}.Release|Any CPU.ActiveCfg = Release|Any CPU
		{49C5DD50-4E71-1041-8D27-DBC7022FB877}.Release|Any CPU.Build.0 = Release|Any CPU
		{647141F8-A83A-A534-D97E-D2479C78AEFD}.Debug|Any CPU.ActiveCfg = Debug|Any CPU
		{647141F8-A83A-A534-D97E-D2479C78AEFD}.Debug|Any CPU.Build.0 = Debug|Any CPU
		{647141F8-A83A-A534-D97E-D2479C78AEFD}.Release|Any CPU.ActiveCfg = Release|Any CPU
		{647141F8-A83A-A534-D97E-D2479C78AEFD}.Release|Any CPU.Build.0 = Release|Any CPU
	EndGlobalSection
	GlobalSection(SolutionProperties) = preSolution
		HideSolutionNode = FALSE
	EndGlobalSection
EndGlobal
